
Microsoft Visual Studio Solution File, Format Version 12.00
# Visual Studio Version 17
VisualStudioVersion = 17.0.31903.59
MinimumVisualStudioVersion = 10.0.40219.1
Project("{2150E333-8FDC-42A3-9474-1A3956D46DE8}") = "src", "src", "{827E0CD3-B72D-47B6-A68D-7590B98EB39B}"
EndProject
Project("{FAE04EC0-301F-11D3-BF4B-00C04F79EFBC}") = "OrderPlatform.Api", "src\OrderPlatform.Api\OrderPlatform.Api.csproj", "{50D932ED-C419-48C4-BD79-8F7B4DB3E581}"
EndProject
Project("{FAE04EC0-301F-11D3-BF4B-00C04F79EFBC}") = "OrderPlatform.Application", "src\OrderPlatform.Application\OrderPlatform.Application.csproj", "{73D21BF5-2597-4771-B682-EAE52BF9E493}"
EndProject
Project("{FAE04EC0-301F-11D3-BF4B-00C04F79EFBC}") = "OrderPlatform.Domain", "src\OrderPlatform.Domain\OrderPlatform.Domain.csproj", "{97E86587-3021-48DF-946D-A3001FD49E55}"
EndProject
Project("{FAE04EC0-301F-11D3-BF4B-00C04F79EFBC}") = "OrderPlatform.Shared", "src\OrderPlatform.Shared\OrderPlatform.Shared.csproj", "{CD9FF12A-9026-4F97-A3B0-CF61882F3911}"
EndProject
Project("{FAE04EC0-301F-11D3-BF4B-00C04F79EFBC}") = "OrderPlatform.Infrastructure", "src\OrderPlatform.Infrastructure\OrderPlatform.Infrastructure.csproj", "{388078E2-DAD9-457B-AC1B-239D58CF6DBE}"
EndProject
Global
	GlobalSection(SolutionConfigurationPlatforms) = preSolution
		Debug|Any CPU = Debug|Any CPU
		Debug|x64 = Debug|x64
		Debug|x86 = Debug|x86
		Release|Any CPU = Release|Any CPU
		Release|x64 = Release|x64
		Release|x86 = Release|x86
	EndGlobalSection
	GlobalSection(ProjectConfigurationPlatforms) = postSolution
		{50D932ED-C419-48C4-BD79-8F7B4DB3E581}.Debug|Any CPU.ActiveCfg = Debug|Any CPU
		{50D932ED-C419-48C4-BD79-8F7B4DB3E581}.Debug|Any CPU.Build.0 = Debug|Any CPU
		{50D932ED-C419-48C4-BD79-8F7B4DB3E581}.Debug|x64.ActiveCfg = Debug|Any CPU
		{50D932ED-C419-48C4-BD79-8F7B4DB3E581}.Debug|x64.Build.0 = Debug|Any CPU
		{50D932ED-C419-48C4-BD79-8F7B4DB3E581}.Debug|x86.ActiveCfg = Debug|Any CPU
		{50D932ED-C419-48C4-BD79-8F7B4DB3E581}.Debug|x86.Build.0 = Debug|Any CPU
		{50D932ED-C419-48C4-BD79-8F7B4DB3E581}.Release|Any CPU.ActiveCfg = Release|Any CPU
		{50D932ED-C419-48C4-BD79-8F7B4DB3E581}.Release|Any CPU.Build.0 = Release|Any CPU
		{50D932ED-C419-48C4-BD79-8F7B4DB3E581}.Release|x64.ActiveCfg = Release|Any CPU
		{50D932ED-C419-48C4-BD79-8F7B4DB3E581}.Release|x64.Build.0 = Release|Any CPU
		{50D932ED-C419-48C4-BD79-8F7B4DB3E581}.Release|x86.ActiveCfg = Release|Any CPU
		{50D932ED-C419-48C4-BD79-8F7B4DB3E581}.Release|x86.Build.0 = Release|Any CPU
		{73D21BF5-2597-4771-B682-EAE52BF9E493}.Debug|Any CPU.ActiveCfg = Debug|Any CPU
		{73D21BF5-2597-4771-B682-EAE52BF9E493}.Debug|Any CPU.Build.0 = Debug|Any CPU
		{73D21BF5-2597-4771-B682-EAE52BF9E493}.Debug|x64.ActiveCfg = Debug|Any CPU
		{73D21BF5-2597-4771-B682-EAE52BF9E493}.Debug|x64.Build.0 = Debug|Any CPU
		{73D21BF5-2597-4771-B682-EAE52BF9E493}.Debug|x86.ActiveCfg = Debug|Any CPU
		{73D21BF5-2597-4771-B682-EAE52BF9E493}.Debug|x86.Build.0 = Debug|Any CPU
		{73D21BF5-2597-4771-B682-EAE52BF9E493}.Release|Any CPU.ActiveCfg = Release|Any CPU
		{73D21BF5-2597-4771-B682-EAE52BF9E493}.Release|Any CPU.Build.0 = Release|Any CPU
		{73D21BF5-2597-4771-B682-EAE52BF9E493}.Release|x64.ActiveCfg = Release|Any CPU
		{73D21BF5-2597-4771-B682-EAE52BF9E493}.Release|x64.Build.0 = Release|Any CPU
		{73D21BF5-2597-4771-B682-EAE52BF9E493}.Release|x86.ActiveCfg = Release|Any CPU
		{73D21BF5-2597-4771-B682-EAE52BF9E493}.Release|x86.Build.0 = Release|Any CPU
		{97E86587-3021-48DF-946D-A3001FD49E55}.Debug|Any CPU.ActiveCfg = Debug|Any CPU
		{97E86587-3021-48DF-946D-A3001FD49E55}.Debug|Any CPU.Build.0 = Debug|Any CPU
		{97E86587-3021-48DF-946D-A3001FD49E55}.Debug|x64.ActiveCfg = Debug|Any CPU
		{97E86587-3021-48DF-946D-A3001FD49E55}.Debug|x64.Build.0 = Debug|Any CPU
		{97E86587-3021-48DF-946D-A3001FD49E55}.Debug|x86.ActiveCfg = Debug|Any CPU
		{97E86587-3021-48DF-946D-A3001FD49E55}.Debug|x86.Build.0 = Debug|Any CPU
		{97E86587-3021-48DF-946D-A3001FD49E55}.Release|Any CPU.ActiveCfg = Release|Any CPU
		{97E86587-3021-48DF-946D-A3001FD49E55}.Release|Any CPU.Build.0 = Release|Any CPU
		{97E86587-3021-48DF-946D-A3001FD49E55}.Release|x64.ActiveCfg = Release|Any CPU
		{97E86587-3021-48DF-946D-A3001FD49E55}.Release|x64.Build.0 = Release|Any CPU
		{97E86587-3021-48DF-946D-A3001FD49E55}.Release|x86.ActiveCfg = Release|Any CPU
		{97E86587-3021-48DF-946D-A3001FD49E55}.Release|x86.Build.0 = Release|Any CPU
		{CD9FF12A-9026-4F97-A3B0-CF61882F3911}.Debug|Any CPU.ActiveCfg = Debug|Any CPU
		{CD9FF12A-9026-4F97-A3B0-CF61882F3911}.Debug|Any CPU.Build.0 = Debug|Any CPU
		{CD9FF12A-9026-4F97-A3B0-CF61882F3911}.Debug|x64.ActiveCfg = Debug|Any CPU
		{CD9FF12A-9026-4F97-A3B0-CF61882F3911}.Debug|x64.Build.0 = Debug|Any CPU
		{CD9FF12A-9026-4F97-A3B0-CF61882F3911}.Debug|x86.ActiveCfg = Debug|Any CPU
		{CD9FF12A-9026-4F97-A3B0-CF61882F3911}.Debug|x86.Build.0 = Debug|Any CPU
		{CD9FF12A-9026-4F97-A3B0-CF61882F3911}.Release|Any CPU.ActiveCfg = Release|Any CPU
		{CD9FF12A-9026-4F97-A3B0-CF61882F3911}.Release|Any CPU.Build.0 = Release|Any CPU
		{CD9FF12A-9026-4F97-A3B0-CF61882F3911}.Release|x64.ActiveCfg = Release|Any CPU
		{CD9FF12A-9026-4F97-A3B0-CF61882F3911}.Release|x64.Build.0 = Release|Any CPU
		{CD9FF12A-9026-4F97-A3B0-CF61882F3911}.Release|x86.ActiveCfg = Release|Any CPU
		{CD9FF12A-9026-4F97-A3B0-CF61882F3911}.Release|x86.Build.0 = Release|Any CPU
		{388078E2-DAD9-457B-AC1B-239D58CF6DBE}.Debug|Any CPU.ActiveCfg = Debug|Any CPU
		{388078E2-DAD9-457B-AC1B-239D58CF6DBE}.Debug|Any CPU.Build.0 = Debug|Any CPU
		{388078E2-DAD9-457B-AC1B-239D58CF6DBE}.Debug|x64.ActiveCfg = Debug|Any CPU
		{388078E2-DAD9-457B-AC1B-239D58CF6DBE}.Debug|x64.Build.0 = Debug|Any CPU
		{388078E2-DAD9-457B-AC1B-239D58CF6DBE}.Debug|x86.ActiveCfg = Debug|Any CPU
		{388078E2-DAD9-457B-AC1B-239D58CF6DBE}.Debug|x86.Build.0 = Debug|Any CPU
		{388078E2-DAD9-457B-AC1B-239D58CF6DBE}.Release|Any CPU.ActiveCfg = Release|Any CPU
		{388078E2-DAD9-457B-AC1B-239D58CF6DBE}.Release|Any CPU.Build.0 = Release|Any CPU
		{388078E2-DAD9-457B-AC1B-239D58CF6DBE}.Release|x64.ActiveCfg = Release|Any CPU
		{388078E2-DAD9-457B-AC1B-239D58CF6DBE}.Release|x64.Build.0 = Release|Any CPU
		{388078E2-DAD9-457B-AC1B-239D58CF6DBE}.Release|x86.ActiveCfg = Release|Any CPU
		{388078E2-DAD9-457B-AC1B-239D58CF6DBE}.Release|x86.Build.0 = Release|Any CPU
	EndGlobalSection
	GlobalSection(SolutionProperties) = preSolution
		HideSolutionNode = FALSE
	EndGlobalSection
	GlobalSection(NestedProjects) = preSolution
		{50D932ED-C419-48C4-BD79-8F7B4DB3E581} = {827E0CD3-B72D-47B6-A68D-7590B98EB39B}
		{73D21BF5-2597-4771-B682-EAE52BF9E493} = {827E0CD3-B72D-47B6-A68D-7590B98EB39B}
		{97E86587-3021-48DF-946D-A3001FD49E55} = {827E0CD3-B72D-47B6-A68D-7590B98EB39B}
		{CD9FF12A-9026-4F97-A3B0-CF61882F3911} = {827E0CD3-B72D-47B6-A68D-7590B98EB39B}
		{388078E2-DAD9-457B-AC1B-239D58CF6DBE} = {827E0CD3-B72D-47B6-A68D-7590B98EB39B}
	EndGlobalSection
EndGlobal
